
Microsoft Visual Studio Solution File, Format Version 12.00
# Visual Studio 15
VisualStudioVersion = 15.0.27703.2047
MinimumVisualStudioVersion = 10.0.40219.1
Project("{FAE04EC0-301F-11D3-BF4B-00C04F79EFBC}") = "DotNetDataStructures.Benchmarks", "DotNetDataStructures.Benchmarks\DotNetDataStructures.Benchmarks.csproj", "{7AC32A92-22AE-4752-BF64-09972D1DBE35}"
EndProject
Global
	GlobalSection(SolutionConfigurationPlatforms) = preSolution
		Debug|Any CPU = Debug|Any CPU
		Release|Any CPU = Release|Any CPU
	EndGlobalSection
	GlobalSection(ProjectConfigurationPlatforms) = postSolution
		{7AC32A92-22AE-4752-BF64-09972D1DBE35}.Debug|Any CPU.ActiveCfg = Debug|Any CPU
		{7AC32A92-22AE-4752-BF64-09972D1DBE35}.Debug|Any CPU.Build.0 = Debug|Any CPU
		{7AC32A92-22AE-4752-BF64-09972D1DBE35}.Release|Any CPU.ActiveCfg = Release|Any CPU
		{7AC32A92-22AE-4752-BF64-09972D1DBE35}.Release|Any CPU.Build.0 = Release|Any CPU
	EndGlobalSection
	GlobalSection(SolutionProperties) = preSolution
		HideSolutionNode = FALSE
	EndGlobalSection
	GlobalSection(ExtensibilityGlobals) = postSolution
		SolutionGuid = {01EB05E7-8390-4E9F-B23B-1160A07CCCA8}
	EndGlobalSection
EndGlobal
